// !$*UTF8*$!
{
	archiveVersion = 1;
	classes = {
	};
	objectVersion = 46;
	objects = {

/* Begin PBXBuildFile section */
		775AFF9E1CDA3B3300415FDE /* main.m in Sources */ = {isa = PBXBuildFile; fileRef = 775AFF9D1CDA3B3300415FDE /* main.m */; };
		775AFFA11CDA3B3300415FDE /* AppDelegate.m in Sources */ = {isa = PBXBuildFile; fileRef = 775AFFA01CDA3B3300415FDE /* AppDelegate.m */; };
		775AFFA41CDA3B3300415FDE /* ViewController.m in Sources */ = {isa = PBXBuildFile; fileRef = 775AFFA31CDA3B3300415FDE /* ViewController.m */; };
		775AFFA71CDA3B3300415FDE /* Main.storyboard in Resources */ = {isa = PBXBuildFile; fileRef = 775AFFA51CDA3B3300415FDE /* Main.storyboard */; };
		775AFFA91CDA3B3300415FDE /* Assets.xcassets in Resources */ = {isa = PBXBuildFile; fileRef = 775AFFA81CDA3B3300415FDE /* Assets.xcassets */; };
		775AFFAC1CDA3B3300415FDE /* LaunchScreen.storyboard in Resources */ = {isa = PBXBuildFile; fileRef = 775AFFAA1CDA3B3300415FDE /* LaunchScreen.storyboard */; };
		775AFFB51CDA3B5400415FDE /* SVClient.m in Sources */ = {isa = PBXBuildFile; fileRef = 775AFFB41CDA3B5400415FDE /* SVClient.m */; };
		775AFFB81CDA3B6500415FDE /* SVDeveloper.m in Sources */ = {isa = PBXBuildFile; fileRef = 775AFFB71CDA3B6500415FDE /* SVDeveloper.m */; };
/* End PBXBuildFile section */

/* Begin PBXFileReference section */
		775AFF991CDA3B3300415FDE /* TestDelegate.app */ = {isa = PBXFileReference; explicitFileType = wrapper.application; includeInIndex = 0; path = TestDelegate.app; sourceTree = BUILT_PRODUCTS_DIR; };
		775AFF9D1CDA3B3300415FDE /* main.m */ = {isa = PBXFileReference; lastKnownFileType = sourcecode.c.objc; path = main.m; sourceTree = "<group>"; };
		775AFF9F1CDA3B3300415FDE /* AppDelegate.h */ = {isa = PBXFileReference; lastKnownFileType = sourcecode.c.h; path = AppDelegate.h; sourceTree = "<group>"; };
		775AFFA01CDA3B3300415FDE /* AppDelegate.m */ = {isa = PBXFileReference; lastKnownFileType = sourcecode.c.objc; path = AppDelegate.m; sourceTree = "<group>"; };
		775AFFA21CDA3B3300415FDE /* ViewController.h */ = {isa = PBXFileReference; lastKnownFileType = sourcecode.c.h; path = ViewController.h; sourceTree = "<group>"; };
		775AFFA31CDA3B3300415FDE /* ViewController.m */ = {isa = PBXFileReference; lastKnownFileType = sourcecode.c.objc; path = ViewController.m; sourceTree = "<group>"; };
		775AFFA61CDA3B3300415FDE /* Base */ = {isa = PBXFileReference; lastKnownFileType = file.storyboard; name = Base; path = Base.lproj/Main.storyboard; sourceTree = "<group>"; };
		775AFFA81CDA3B3300415FDE /* Assets.xcassets */ = {isa = PBXFileReference; lastKnownFileType = folder.assetcatalog; path = Assets.xcassets; sourceTree = "<group>"; };
		775AFFAB1CDA3B3300415FDE /* Base */ = {isa = PBXFileReference; lastKnownFileType = file.storyboard; name = Base; path = Base.lproj/LaunchScreen.storyboard; sourceTree = "<group>"; };
		775AFFAD1CDA3B3300415FDE /* Info.plist */ = {isa = PBXFileReference; lastKnownFileType = text.plist.xml; path = Info.plist; sourceTree = "<group>"; };
		775AFFB31CDA3B5400415FDE /* SVClient.h */ = {isa = PBXFileReference; fileEncoding = 4; lastKnownFileType = sourcecode.c.h; path = SVClient.h; sourceTree = "<group>"; };
		775AFFB41CDA3B5400415FDE /* SVClient.m */ = {isa = PBXFileReference; fileEncoding = 4; lastKnownFileType = sourcecode.c.objc; path = SVClient.m; sourceTree = "<group>"; };
		775AFFB61CDA3B6500415FDE /* SVDeveloper.h */ = {isa = PBXFileReference; fileEncoding = 4; lastKnownFileType = sourcecode.c.h; path = SVDeveloper.h; sourceTree = "<group>"; };
		775AFFB71CDA3B6500415FDE /* SVDeveloper.m */ = {isa = PBXFileReference; fileEncoding = 4; lastKnownFileType = sourcecode.c.objc; path = SVDeveloper.m; sourceTree = "<group>"; };
/* End PBXFileReference section */

/* Begin PBXFrameworksBuildPhase section */
		775AFF961CDA3B3300415FDE /* Frameworks */ = {
			isa = PBXFrameworksBuildPhase;
			buildActionMask = 2147483647;
			files = (
			);
			runOnlyForDeploymentPostprocessing = 0;
		};
/* End PBXFrameworksBuildPhase section */

/* Begin PBXGroup section */
		775AFF901CDA3B3300415FDE = {
			isa = PBXGroup;
			children = (
				775AFF9B1CDA3B3300415FDE /* TestDelegate */,
				775AFF9A1CDA3B3300415FDE /* Products */,
			);
			sourceTree = "<group>";
		};
		775AFF9A1CDA3B3300415FDE /* Products */ = {
			isa = PBXGroup;
			children = (
				775AFF991CDA3B3300415FDE /* TestDelegate.app */,
			);
			name = Products;
			sourceTree = "<group>";
		};
		775AFF9B1CDA3B3300415FDE /* TestDelegate */ = {
			isa = PBXGroup;
			children = (
				775AFF9F1CDA3B3300415FDE /* AppDelegate.h */,
				775AFFA01CDA3B3300415FDE /* AppDelegate.m */,
				775AFFB31CDA3B5400415FDE /* SVClient.h */,
				775AFFB41CDA3B5400415FDE /* SVClient.m */,
				775AFFB61CDA3B6500415FDE /* SVDeveloper.h */,
				775AFFB71CDA3B6500415FDE /* SVDeveloper.m */,
				775AFFA21CDA3B3300415FDE /* ViewController.h */,
				775AFFA31CDA3B3300415FDE /* ViewController.m */,
				775AFFA51CDA3B3300415FDE /* Main.storyboard */,
				775AFFA81CDA3B3300415FDE /* Assets.xcassets */,
				775AFFAA1CDA3B3300415FDE /* LaunchScreen.storyboard */,
				775AFFAD1CDA3B3300415FDE /* Info.plist */,
				775AFF9C1CDA3B3300415FDE /* Supporting Files */,
			);
			path = TestDelegate;
			sourceTree = "<group>";
		};
		775AFF9C1CDA3B3300415FDE /* Supporting Files */ = {
			isa = PBXGroup;
			children = (
				775AFF9D1CDA3B3300415FDE /* main.m */,
			);
			name = "Supporting Files";
			sourceTree = "<group>";
		};
/* End PBXGroup section */

/* Begin PBXNativeTarget section */
		775AFF981CDA3B3300415FDE /* TestDelegate */ = {
			isa = PBXNativeTarget;
			buildConfigurationList = 775AFFB01CDA3B3300415FDE /* Build configuration list for PBXNativeTarget "TestDelegate" */;
			buildPhases = (
				775AFF951CDA3B3300415FDE /* Sources */,
				775AFF961CDA3B3300415FDE /* Frameworks */,
				775AFF971CDA3B3300415FDE /* Resources */,
			);
			buildRules = (
			);
			dependencies = (
			);
			name = TestDelegate;
			productName = TestDelegate;
			productReference = 775AFF991CDA3B3300415FDE /* TestDelegate.app */;
			productType = "com.apple.product-type.application";
		};
/* End PBXNativeTarget section */

/* Begin PBXProject section */
		775AFF911CDA3B3300415FDE /* Project object */ = {
			isa = PBXProject;
			attributes = {
				LastUpgradeCheck = 0730;
				ORGANIZATIONNAME = "Siedov Viktor";
				TargetAttributes = {
					775AFF981CDA3B3300415FDE = {
						CreatedOnToolsVersion = 7.3;
					};
				};
			};
			buildConfigurationList = 775AFF941CDA3B3300415FDE /* Build configuration list for PBXProject "TestDelegate" */;
			compatibilityVersion = "Xcode 3.2";
			developmentRegion = English;
			hasScannedForEncodings = 0;
			knownRegions = (
				en,
				Base,
			);
			mainGroup = 775AFF901CDA3B3300415FDE;
			productRefGroup = 775AFF9A1CDA3B3300415FDE /* Products */;
			projectDirPath = "";
			projectRoot = "";
			targets = (
				775AFF981CDA3B3300415FDE /* TestDelegate */,
			);
		};
/* End PBXProject section */

/* Begin PBXResourcesBuildPhase section */
		775AFF971CDA3B3300415FDE /* Resources */ = {
			isa = PBXResourcesBuildPhase;
			buildActionMask = 2147483647;
			files = (
				775AFFAC1CDA3B3300415FDE /* LaunchScreen.storyboard in Resources */,
				775AFFA91CDA3B3300415FDE /* Assets.xcassets in Resources */,
				775AFFA71CDA3B3300415FDE /* Main.storyboard in Resources */,
			);
			runOnlyForDeploymentPostprocessing = 0;
		};
/* End PBXResourcesBuildPhase section */

/* Begin PBXSourcesBuildPhase section */
		775AFF951CDA3B3300415FDE /* Sources */ = {
			isa = PBXSourcesBuildPhase;
			buildActionMask = 2147483647;
			files = (
				775AFFA41CDA3B3300415FDE /* ViewController.m in Sources */,
				775AFFB51CDA3B5400415FDE /* SVClient.m in Sources */,
				775AFFB81CDA3B6500415FDE /* SVDeveloper.m in Sources */,
				775AFFA11CDA3B3300415FDE /* AppDelegate.m in Sources */,
				775AFF9E1CDA3B3300415FDE /* main.m in Sources */,
			);
			runOnlyForDeploymentPostprocessing = 0;
		};
/* End PBXSourcesBuildPhase section */

/* Begin PBXVariantGroup section */
		775AFFA51CDA3B3300415FDE /* Main.storyboard */ = {
			isa = PBXVariantGroup;
			children = (
				775AFFA61CDA3B3300415FDE /* Base */,
			);
			name = Main.storyboard;
			sourceTree = "<group>";
		};
		775AFFAA1CDA3B3300415FDE /* LaunchScreen.storyboard */ = {
			isa = PBXVariantGroup;
			children = (
				775AFFAB1CDA3B3300415FDE /* Base */,
			);
			name = LaunchScreen.storyboard;
			sourceTree = "<group>";
		};
/* End PBXVariantGroup section */

/* Begin XCBuildConfiguration section */
		775AFFAE1CDA3B3300415FDE /* Debug */ = {
			isa = XCBuildConfiguration;
			buildSettings = {
				ALWAYS_SEARCH_USER_PATHS = NO;
				CLANG_ANALYZER_NONNULL = YES;
				CLANG_CXX_LANGUAGE_STANDARD = "gnu++0x";
				CLANG_CXX_LIBRARY = "libc++";
				CLANG_ENABLE_MODULES = YES;
				CLANG_ENABLE_OBJC_ARC = YES;
				CLANG_WARN_BOOL_CONVERSION = YES;
				CLANG_WARN_CONSTANT_CONVERSION = YES;
				CLANG_WARN_DIRECT_OBJC_ISA_USAGE = YES_ERROR;
				CLANG_WARN_EMPTY_BODY = YES;
				CLANG_WARN_ENUM_CONVERSION = YES;
				CLANG_WARN_INT_CONVERSION = YES;
				CLANG_WARN_OBJC_ROOT_CLASS = YES_ERROR;
				CLANG_WARN_UNREACHABLE_CODE = YES;
				CLANG_WARN__DUPLICATE_METHOD_MATCH = YES;
				"CODE_SIGN_IDENTITY[sdk=iphoneos*]" = "iPhone Developer";
				COPY_PHASE_STRIP = NO;
				DEBUG_INFORMATION_FORMAT = dwarf;
				ENABLE_STRICT_OBJC_MSGSEND = YES;
				ENABLE_TESTABILITY = YES;
				GCC_C_LANGUAGE_STANDARD = gnu99;
				GCC_DYNAMIC_NO_PIC = NO;
				GCC_NO_COMMON_BLOCKS = YES;
				GCC_OPTIMIZATION_LEVEL = 0;
				GCC_PREPROCESSOR_DEFINITIONS = (
					"DEBUG=1",
					"$(inherited)",
				);
				GCC_WARN_64_TO_32_BIT_CONVERSION = YES;
				GCC_WARN_ABOUT_RETURN_TYPE = YES_ERROR;
				GCC_WARN_UNDECLARED_SELECTOR = YES;
				GCC_WARN_UNINITIALIZED_AUTOS = YES_AGGRESSIVE;
				GCC_WARN_UNUSED_FUNCTION = YES;
				GCC_WARN_UNUSED_VARIABLE = YES;
				IPHONEOS_DEPLOYMENT_TARGET = 9.3;
				MTL_ENABLE_DEBUG_INFO = YES;
				ONLY_ACTIVE_ARCH = YES;
				SDKROOT = iphoneos;
			};
			name = Debug;
		};
		775AFFAF1CDA3B3300415FDE /* Release */ = {
			isa = XCBuildConfiguration;
			buildSettings = {
				ALWAYS_SEARCH_USER_PATHS = NO;
				CLANG_ANALYZER_NONNULL = YES;
				CLANG_CXX_LANGUAGE_STANDARD = "gnu++0x";
				CLANG_CXX_LIBRARY = "libc++";
				CLANG_ENABLE_MODULES = YES;
				CLANG_ENABLE_OBJC_ARC = YES;
				CLANG_WARN_BOOL_CONVERSION = YES;
				CLANG_WARN_CONSTANT_CONVERSION = YES;
				CLANG_WARN_DIRECT_OBJC_ISA_USAGE = YES_ERROR;
				CLANG_WARN_EMPTY_BODY = YES;
				CLANG_WARN_ENUM_CONVERSION = YES;
				CLANG_WARN_INT_CONVERSION = YES;
				CLANG_WARN_OBJC_ROOT_CLASS = YES_ERROR;
				CLANG_WARN_UNREACHABLE_CODE = YES;
				CLANG_WARN__DUPLICATE_METHOD_MATCH = YES;
				"CODE_SIGN_IDENTITY[sdk=iphoneos*]" = "iPhone Developer";
				COPY_PHASE_STRIP = NO;
				DEBUG_INFORMATION_FORMAT = "dwarf-with-dsym";
				ENABLE_NS_ASSERTIONS = NO;
				ENABLE_STRICT_OBJC_MSGSEND = YES;
				GCC_C_LANGUAGE_STANDARD = gnu99;
				GCC_NO_COMMON_BLOCKS = YES;
				GCC_WARN_64_TO_32_BIT_CONVERSION = YES;
				GCC_WARN_ABOUT_RETURN_TYPE = YES_ERROR;
				GCC_WARN_UNDECLARED_SELECTOR = YES;
				GCC_WARN_UNINITIALIZED_AUTOS = YES_AGGRESSIVE;
				GCC_WARN_UNUSED_FUNCTION = YES;
				GCC_WARN_UNUSED_VARIABLE = YES;
				IPHONEOS_DEPLOYMENT_TARGET = 9.3;
				MTL_ENABLE_DEBUG_INFO = NO;
				SDKROOT = iphoneos;
				VALIDATE_PRODUCT = YES;
			};
			name = Release;
		};
		775AFFB11CDA3B3300415FDE /* Debug */ = {
			isa = XCBuildConfiguration;
			buildSettings = {
				ASSETCATALOG_COMPILER_APPICON_NAME = AppIcon;
				INFOPLIST_FILE = TestDelegate/Info.plist;
				LD_RUNPATH_SEARCH_PATHS = "$(inherited) @executable_path/Frameworks";
				PRODUCT_BUNDLE_IDENTIFIER = SV.TestDelegate;
				PRODUCT_NAME = "$(TARGET_NAME)";
			};
			name = Debug;
		};
		775AFFB21CDA3B3300415FDE /* Release */ = {
			isa = XCBuildConfiguration;
			buildSettings = {
				ASSETCATALOG_COMPILER_APPICON_NAME = AppIcon;
				INFOPLIST_FILE = TestDelegate/Info.plist;
				LD_RUNPATH_SEARCH_PATHS = "$(inherited) @executable_path/Frameworks";
				PRODUCT_BUNDLE_IDENTIFIER = SV.TestDelegate;
				PRODUCT_NAME = "$(TARGET_NAME)";
			};
			name = Release;
		};
/* End XCBuildConfiguration section */

/* Begin XCConfigurationList section */
		775AFF941CDA3B3300415FDE /* Build configuration list for PBXProject "TestDelegate" */ = {
			isa = XCConfigurationList;
			buildConfigurations = (
				775AFFAE1CDA3B3300415FDE /* Debug */,
				775AFFAF1CDA3B3300415FDE /* Release */,
			);
			defaultConfigurationIsVisible = 0;
			defaultConfigurationName = Release;
		};
		775AFFB01CDA3B3300415FDE /* Build configuration list for PBXNativeTarget "TestDelegate" */ = {
			isa = XCConfigurationList;
			buildConfigurations = (
				775AFFB11CDA3B3300415FDE /* Debug */,
				775AFFB21CDA3B3300415FDE /* Release */,
			);
			defaultConfigurationIsVisible = 0;
		};
/* End XCConfigurationList section */
	};
	rootObject = 775AFF911CDA3B3300415FDE /* Project object */;
}
